// !$*UTF8*$!
{
	archiveVersion = 1;
	classes = {
	};
	objectVersion = 50;
	objects = {

/* Begin PBXBuildFile section */
		A321EEF723FE477D00375596 /* atmosphere.mp3 in Resources */ = {isa = PBXBuildFile; fileRef = A321EEF623FE477D00375596 /* atmosphere.mp3 */; };
		A363747423FBAA6F0049E9EE /* AppDelegate.swift in Sources */ = {isa = PBXBuildFile; fileRef = A363747323FBAA6F0049E9EE /* AppDelegate.swift */; };
		A363747623FBAA6F0049E9EE /* SceneDelegate.swift in Sources */ = {isa = PBXBuildFile; fileRef = A363747523FBAA6F0049E9EE /* SceneDelegate.swift */; };
		A363747823FBAA6F0049E9EE /* ViewController.swift in Sources */ = {isa = PBXBuildFile; fileRef = A363747723FBAA6F0049E9EE /* ViewController.swift */; };
		A363747B23FBAA6F0049E9EE /* Main.storyboard in Resources */ = {isa = PBXBuildFile; fileRef = A363747923FBAA6F0049E9EE /* Main.storyboard */; };
		A363747D23FBAA7B0049E9EE /* Assets.xcassets in Resources */ = {isa = PBXBuildFile; fileRef = A363747C23FBAA7B0049E9EE /* Assets.xcassets */; };
		A363748023FBAA7B0049E9EE /* LaunchScreen.storyboard in Resources */ = {isa = PBXBuildFile; fileRef = A363747E23FBAA7B0049E9EE /* LaunchScreen.storyboard */; };
		A363748823FBADE40049E9EE /* C#.wav in Resources */ = {isa = PBXBuildFile; fileRef = A363748723FBADE40049E9EE /* C#.wav */; };
/* End PBXBuildFile section */

/* Begin PBXFileReference section */
		A321EEF623FE477D00375596 /* atmosphere.mp3 */ = {isa = PBXFileReference; lastKnownFileType = audio.mp3; path = atmosphere.mp3; sourceTree = "<group>"; };
		A363747023FBAA6F0049E9EE /* AVFoundationBasic.app */ = {isa = PBXFileReference; explicitFileType = wrapper.application; includeInIndex = 0; path = AVFoundationBasic.app; sourceTree = BUILT_PRODUCTS_DIR; };
		A363747323FBAA6F0049E9EE /* AppDelegate.swift */ = {isa = PBXFileReference; lastKnownFileType = sourcecode.swift; path = AppDelegate.swift; sourceTree = "<group>"; };
		A363747523FBAA6F0049E9EE /* SceneDelegate.swift */ = {isa = PBXFileReference; lastKnownFileType = sourcecode.swift; path = SceneDelegate.swift; sourceTree = "<group>"; };
		A363747723FBAA6F0049E9EE /* ViewController.swift */ = {isa = PBXFileReference; lastKnownFileType = sourcecode.swift; path = ViewController.swift; sourceTree = "<group>"; };
		A363747A23FBAA6F0049E9EE /* Base */ = {isa = PBXFileReference; lastKnownFileType = file.storyboard; name = Base; path = Base.lproj/Main.storyboard; sourceTree = "<group>"; };
		A363747C23FBAA7B0049E9EE /* Assets.xcassets */ = {isa = PBXFileReference; lastKnownFileType = folder.assetcatalog; path = Assets.xcassets; sourceTree = "<group>"; };
		A363747F23FBAA7B0049E9EE /* Base */ = {isa = PBXFileReference; lastKnownFileType = file.storyboard; name = Base; path = Base.lproj/LaunchScreen.storyboard; sourceTree = "<group>"; };
		A363748123FBAA7B0049E9EE /* Info.plist */ = {isa = PBXFileReference; lastKnownFileType = text.plist.xml; path = Info.plist; sourceTree = "<group>"; };
		A363748723FBADE40049E9EE /* C#.wav */ = {isa = PBXFileReference; lastKnownFileType = audio.wav; path = "C#.wav"; sourceTree = "<group>"; };
/* End PBXFileReference section */

/* Begin PBXFrameworksBuildPhase section */
		A363746D23FBAA6F0049E9EE /* Frameworks */ = {
			isa = PBXFrameworksBuildPhase;
			buildActionMask = 2147483647;
			files = (
			);
			runOnlyForDeploymentPostprocessing = 0;
		};
/* End PBXFrameworksBuildPhase section */

/* Begin PBXGroup section */
		A363746723FBAA6F0049E9EE = {
			isa = PBXGroup;
			children = (
				A363747223FBAA6F0049E9EE /* AVFoundationBasic */,
				A363747123FBAA6F0049E9EE /* Products */,
			);
			sourceTree = "<group>";
		};
		A363747123FBAA6F0049E9EE /* Products */ = {
			isa = PBXGroup;
			children = (
				A363747023FBAA6F0049E9EE /* AVFoundationBasic.app */,
			);
			name = Products;
			sourceTree = "<group>";
		};
		A363747223FBAA6F0049E9EE /* AVFoundationBasic */ = {
			isa = PBXGroup;
			children = (
				A363747323FBAA6F0049E9EE /* AppDelegate.swift */,
				A363747523FBAA6F0049E9EE /* SceneDelegate.swift */,
				A363747723FBAA6F0049E9EE /* ViewController.swift */,
				A363747923FBAA6F0049E9EE /* Main.storyboard */,
				A363747C23FBAA7B0049E9EE /* Assets.xcassets */,
				A363747E23FBAA7B0049E9EE /* LaunchScreen.storyboard */,
				A363748123FBAA7B0049E9EE /* Info.plist */,
				A363748723FBADE40049E9EE /* C#.wav */,
				A321EEF623FE477D00375596 /* atmosphere.mp3 */,
			);
			path = AVFoundationBasic;
			sourceTree = "<group>";
		};
/* End PBXGroup section */

/* Begin PBXNativeTarget section */
		A363746F23FBAA6F0049E9EE /* AVFoundationBasic */ = {
			isa = PBXNativeTarget;
			buildConfigurationList = A363748423FBAA7B0049E9EE /* Build configuration list for PBXNativeTarget "AVFoundationBasic" */;
			buildPhases = (
				A363746C23FBAA6F0049E9EE /* Sources */,
				A363746D23FBAA6F0049E9EE /* Frameworks */,
				A363746E23FBAA6F0049E9EE /* Resources */,
			);
			buildRules = (
			);
			dependencies = (
			);
			name = AVFoundationBasic;
			productName = AVFoundationBasic;
			productReference = A363747023FBAA6F0049E9EE /* AVFoundationBasic.app */;
			productType = "com.apple.product-type.application";
		};
/* End PBXNativeTarget section */

/* Begin PBXProject section */
		A363746823FBAA6F0049E9EE /* Project object */ = {
			isa = PBXProject;
			attributes = {
				LastSwiftUpdateCheck = 1130;
				LastUpgradeCheck = 1130;
				ORGANIZATIONNAME = Ticon;
				TargetAttributes = {
					A363746F23FBAA6F0049E9EE = {
						CreatedOnToolsVersion = 11.3.1;
					};
				};
			};
			buildConfigurationList = A363746B23FBAA6F0049E9EE /* Build configuration list for PBXProject "AVFoundationBasic" */;
			compatibilityVersion = "Xcode 9.3";
			developmentRegion = en;
			hasScannedForEncodings = 0;
			knownRegions = (
				en,
				Base,
			);
			mainGroup = A363746723FBAA6F0049E9EE;
			productRefGroup = A363747123FBAA6F0049E9EE /* Products */;
			projectDirPath = "";
			projectRoot = "";
			targets = (
				A363746F23FBAA6F0049E9EE /* AVFoundationBasic */,
			);
		};
/* End PBXProject section */

/* Begin PBXResourcesBuildPhase section */
		A363746E23FBAA6F0049E9EE /* Resources */ = {
			isa = PBXResourcesBuildPhase;
			buildActionMask = 2147483647;
			files = (
				A363748823FBADE40049E9EE /* C#.wav in Resources */,
				A363748023FBAA7B0049E9EE /* LaunchScreen.storyboard in Resources */,
				A363747D23FBAA7B0049E9EE /* Assets.xcassets in Resources */,
				A363747B23FBAA6F0049E9EE /* Main.storyboard in Resources */,
				A321EEF723FE477D00375596 /* atmosphere.mp3 in Resources */,
			);
			runOnlyForDeploymentPostprocessing = 0;
		};
/* End PBXResourcesBuildPhase section */

/* Begin PBXSourcesBuildPhase section */
		A363746C23FBAA6F0049E9EE /* Sources */ = {
			isa = PBXSourcesBuildPhase;
			buildActionMask = 2147483647;
			files = (
				A363747823FBAA6F0049E9EE /* ViewController.swift in Sources */,
				A363747423FBAA6F0049E9EE /* AppDelegate.swift in Sources */,
				A363747623FBAA6F0049E9EE /* SceneDelegate.swift in Sources */,
			);
			runOnlyForDeploymentPostprocessing = 0;
		};
/* End PBXSourcesBuildPhase section */

/* Begin PBXVariantGroup section */
		A363747923FBAA6F0049E9EE /* Main.storyboard */ = {
			isa = PBXVariantGroup;
			children = (
				A363747A23FBAA6F0049E9EE /* Base */,
			);
			name = Main.storyboard;
			sourceTree = "<group>";
		};
		A363747E23FBAA7B0049E9EE /* LaunchScreen.storyboard */ = {
			isa = PBXVariantGroup;
			children = (
				A363747F23FBAA7B0049E9EE /* Base */,
			);
			name = LaunchScreen.storyboard;
			sourceTree = "<group>";
		};
/* End PBXVariantGroup section */

/* Begin XCBuildConfiguration section */
		A363748223FBAA7B0049E9EE /* Debug */ = {
			isa = XCBuildConfiguration;
			buildSettings = {
				ALWAYS_SEARCH_USER_PATHS = NO;
				CLANG_ANALYZER_NONNULL = YES;
				CLANG_ANALYZER_NUMBER_OBJECT_CONVERSION = YES_AGGRESSIVE;
				CLANG_CXX_LANGUAGE_STANDARD = "gnu++14";
				CLANG_CXX_LIBRARY = "libc++";
				CLANG_ENABLE_MODULES = YES;
				CLANG_ENABLE_OBJC_ARC = YES;
				CLANG_ENABLE_OBJC_WEAK = YES;
				CLANG_WARN_BLOCK_CAPTURE_AUTORELEASING = YES;
				CLANG_WARN_BOOL_CONVERSION = YES;
				CLANG_WARN_COMMA = YES;
				CLANG_WARN_CONSTANT_CONVERSION = YES;
				CLANG_WARN_DEPRECATED_OBJC_IMPLEMENTATIONS = YES;
				CLANG_WARN_DIRECT_OBJC_ISA_USAGE = YES_ERROR;
				CLANG_WARN_DOCUMENTATION_COMMENTS = YES;
				CLANG_WARN_EMPTY_BODY = YES;
				CLANG_WARN_ENUM_CONVERSION = YES;
				CLANG_WARN_INFINITE_RECURSION = YES;
				CLANG_WARN_INT_CONVERSION = YES;
				CLANG_WARN_NON_LITERAL_NULL_CONVERSION = YES;
				CLANG_WARN_OBJC_IMPLICIT_RETAIN_SELF = YES;
				CLANG_WARN_OBJC_LITERAL_CONVERSION = YES;
				CLANG_WARN_OBJC_ROOT_CLASS = YES_ERROR;
				CLANG_WARN_RANGE_LOOP_ANALYSIS = YES;
				CLANG_WARN_STRICT_PROTOTYPES = YES;
				CLANG_WARN_SUSPICIOUS_MOVE = YES;
				CLANG_WARN_UNGUARDED_AVAILABILITY = YES_AGGRESSIVE;
				CLANG_WARN_UNREACHABLE_CODE = YES;
				CLANG_WARN__DUPLICATE_METHOD_MATCH = YES;
				COPY_PHASE_STRIP = NO;
				DEBUG_INFORMATION_FORMAT = dwarf;
				ENABLE_STRICT_OBJC_MSGSEND = YES;
				ENABLE_TESTABILITY = YES;
				GCC_C_LANGUAGE_STANDARD = gnu11;
				GCC_DYNAMIC_NO_PIC = NO;
				GCC_NO_COMMON_BLOCKS = YES;
				GCC_OPTIMIZATION_LEVEL = 0;
				GCC_PREPROCESSOR_DEFINITIONS = (
					"DEBUG=1",
					"$(inherited)",
				);
				GCC_WARN_64_TO_32_BIT_CONVERSION = YES;
				GCC_WARN_ABOUT_RETURN_TYPE = YES_ERROR;
				GCC_WARN_UNDECLARED_SELECTOR = YES;
				GCC_WARN_UNINITIALIZED_AUTOS = YES_AGGRESSIVE;
				GCC_WARN_UNUSED_FUNCTION = YES;
				GCC_WARN_UNUSED_VARIABLE = YES;
				IPHONEOS_DEPLOYMENT_TARGET = 13.2;
				MTL_ENABLE_DEBUG_INFO = INCLUDE_SOURCE;
				MTL_FAST_MATH = YES;
				ONLY_ACTIVE_ARCH = YES;
				SDKROOT = iphoneos;
				SWIFT_ACTIVE_COMPILATION_CONDITIONS = DEBUG;
				SWIFT_OPTIMIZATION_LEVEL = "-Onone";
			};
			name = Debug;
		};
		A363748323FBAA7B0049E9EE /* Release */ = {
			isa = XCBuildConfiguration;
			buildSettings = {
				ALWAYS_SEARCH_USER_PATHS = NO;
				CLANG_ANALYZER_NONNULL = YES;
				CLANG_ANALYZER_NUMBER_OBJECT_CONVERSION = YES_AGGRESSIVE;
				CLANG_CXX_LANGUAGE_STANDARD = "gnu++14";
				CLANG_CXX_LIBRARY = "libc++";
				CLANG_ENABLE_MODULES = YES;
				CLANG_ENABLE_OBJC_ARC = YES;
				CLANG_ENABLE_OBJC_WEAK = YES;
				CLANG_WARN_BLOCK_CAPTURE_AUTORELEASING = YES;
				CLANG_WARN_BOOL_CONVERSION = YES;
				CLANG_WARN_COMMA = YES;
				CLANG_WARN_CONSTANT_CONVERSION = YES;
				CLANG_WARN_DEPRECATED_OBJC_IMPLEMENTATIONS = YES;
				CLANG_WARN_DIRECT_OBJC_ISA_USAGE = YES_ERROR;
				CLANG_WARN_DOCUMENTATION_COMMENTS = YES;
				CLANG_WARN_EMPTY_BODY = YES;
				CLANG_WARN_ENUM_CONVERSION = YES;
				CLANG_WARN_INFINITE_RECURSION = YES;
				CLANG_WARN_INT_CONVERSION = YES;
				CLANG_WARN_NON_LITERAL_NULL_CONVERSION = YES;
				CLANG_WARN_OBJC_IMPLICIT_RETAIN_SELF = YES;
				CLANG_WARN_OBJC_LITERAL_CONVERSION = YES;
				CLANG_WARN_OBJC_ROOT_CLASS = YES_ERROR;
				CLANG_WARN_RANGE_LOOP_ANALYSIS = YES;
				CLANG_WARN_STRICT_PROTOTYPES = YES;
				CLANG_WARN_SUSPICIOUS_MOVE = YES;
				CLANG_WARN_UNGUARDED_AVAILABILITY = YES_AGGRESSIVE;
				CLANG_WARN_UNREACHABLE_CODE = YES;
				CLANG_WARN__DUPLICATE_METHOD_MATCH = YES;
				COPY_PHASE_STRIP = NO;
				DEBUG_INFORMATION_FORMAT = "dwarf-with-dsym";
				ENABLE_NS_ASSERTIONS = NO;
				ENABLE_STRICT_OBJC_MSGSEND = YES;
				GCC_C_LANGUAGE_STANDARD = gnu11;
				GCC_NO_COMMON_BLOCKS = YES;
				GCC_WARN_64_TO_32_BIT_CONVERSION = YES;
				GCC_WARN_ABOUT_RETURN_TYPE = YES_ERROR;
				GCC_WARN_UNDECLARED_SELECTOR = YES;
				GCC_WARN_UNINITIALIZED_AUTOS = YES_AGGRESSIVE;
				GCC_WARN_UNUSED_FUNCTION = YES;
				GCC_WARN_UNUSED_VARIABLE = YES;
				IPHONEOS_DEPLOYMENT_TARGET = 13.2;
				MTL_ENABLE_DEBUG_INFO = NO;
				MTL_FAST_MATH = YES;
				SDKROOT = iphoneos;
				SWIFT_COMPILATION_MODE = wholemodule;
				SWIFT_OPTIMIZATION_LEVEL = "-O";
				VALIDATE_PRODUCT = YES;
			};
			name = Release;
		};
		A363748523FBAA7B0049E9EE /* Debug */ = {
			isa = XCBuildConfiguration;
			buildSettings = {
				ASSETCATALOG_COMPILER_APPICON_NAME = AppIcon;
				CODE_SIGN_STYLE = Automatic;
				INFOPLIST_FILE = AVFoundationBasic/Info.plist;
				LD_RUNPATH_SEARCH_PATHS = (
					"$(inherited)",
					"@executable_path/Frameworks",
				);
				PRODUCT_BUNDLE_IDENTIFIER = com.Ticon.AVFoundationBasic;
				PRODUCT_NAME = "$(TARGET_NAME)";
				SWIFT_VERSION = 5.0;
				TARGETED_DEVICE_FAMILY = "1,2";
			};
			name = Debug;
		};
		A363748623FBAA7B0049E9EE /* Release */ = {
			isa = XCBuildConfiguration;
			buildSettings = {
				ASSETCATALOG_COMPILER_APPICON_NAME = AppIcon;
				CODE_SIGN_STYLE = Automatic;
				INFOPLIST_FILE = AVFoundationBasic/Info.plist;
				LD_RUNPATH_SEARCH_PATHS = (
					"$(inherited)",
					"@executable_path/Frameworks",
				);
				PRODUCT_BUNDLE_IDENTIFIER = com.Ticon.AVFoundationBasic;
				PRODUCT_NAME = "$(TARGET_NAME)";
				SWIFT_VERSION = 5.0;
				TARGETED_DEVICE_FAMILY = "1,2";
			};
			name = Release;
		};
/* End XCBuildConfiguration section */

/* Begin XCConfigurationList section */
		A363746B23FBAA6F0049E9EE /* Build configuration list for PBXProject "AVFoundationBasic" */ = {
			isa = XCConfigurationList;
			buildConfigurations = (
				A363748223FBAA7B0049E9EE /* Debug */,
				A363748323FBAA7B0049E9EE /* Release */,
			);
			defaultConfigurationIsVisible = 0;
			defaultConfigurationName = Release;
		};
		A363748423FBAA7B0049E9EE /* Build configuration list for PBXNativeTarget "AVFoundationBasic" */ = {
			isa = XCConfigurationList;
			buildConfigurations = (
				A363748523FBAA7B0049E9EE /* Debug */,
				A363748623FBAA7B0049E9EE /* Release */,
			);
			defaultConfigurationIsVisible = 0;
			defaultConfigurationName = Release;
		};
/* End XCConfigurationList section */
	};
	rootObject = A363746823FBAA6F0049E9EE /* Project object */;
}
